Microsoft Visual Studio Solution File, Format Version 12.00
# Visual Studio 15
VisualStudioVersion = 15.0.27130.2024
MinimumVisualStudioVersion = 15.0.26124.0
Project("{2150E333-8FDC-42A3-9474-1A3956D46DE8}") = "src", "src", "{208A3A72-FA75-4C25-A6BB-B455B07D814F}"
EndProject
Project("{9A19103F-16F7-4668-BE54-9A1E7A4F7556}") = "Vodamep", "src\Vodamep\Vodamep.csproj", "{407FD744-34E9-458A-9DF7-24E208BD30DC}"
EndProject
Project("{2150E333-8FDC-42A3-9474-1A3956D46DE8}") = "tests", "tests", "{59A6C111-CE2D-4F76-911B-E7033F4B9EF4}"
EndProject
Project("{9A19103F-16F7-4668-BE54-9A1E7A4F7556}") = "Vodamep.Tests", "tests\Vodamep.Tests\Vodamep.Tests.csproj", "{87042AD1-75BB-4CC5-8CC6-346234482313}"
EndProject
Project("{2150E333-8FDC-42A3-9474-1A3956D46DE8}") = "build", "build", "{6F9EE767-41BD-461A-BAAC-C23E08CC435A}"
	ProjectSection(SolutionItems) = preProject
		appveyor.yml = appveyor.yml
		build.cake = build.cake
	EndProjectSection
EndProject
Project("{9A19103F-16F7-4668-BE54-9A1E7A4F7556}") = "Vodamep.Client", "src\Vodamep.Client\Vodamep.Client.csproj", "{26FF62E2-D514-40DC-A943-DA8078E1BB49}"
EndProject
Project("{FAE04EC0-301F-11D3-BF4B-00C04F79EFBC}") = "Vodamep.Legacy", "src\Vodamep.Legacy\Vodamep.Legacy.csproj", "{BDA9536A-13E7-4532-9B36-F9BEF8890197}"
EndProject
Project("{9A19103F-16F7-4668-BE54-9A1E7A4F7556}") = "Vodamep.Api", "src\Vodamep.Api\Vodamep.Api.csproj", "{932E0F04-C55C-48C3-9509-FA1B80322D3C}"
EndProject
Project("{9A19103F-16F7-4668-BE54-9A1E7A4F7556}") = "specifications", "specifications\specifications.csproj", "{40E6E958-611C-4D46-903A-69534E5325C5}"
EndProject
Project("{2150E333-8FDC-42A3-9474-1A3956D46DE8}") = "Solution Items", "Solution Items", "{419C17D5-5014-45BE-8C31-0169753C3864}"
	ProjectSection(SolutionItems) = preProject
		code-of-conduct.md = code-of-conduct.md
		LICENCE = LICENCE
		Readme.md = Readme.md
	EndProjectSection
EndProject
Project("{FAE04EC0-301F-11D3-BF4B-00C04F79EFBC}") = "Vodamep.Specs", "tests\Vodamep.Specs\Vodamep.Specs.csproj", "{C6C12307-D079-4376-856E-55A2F333DF60}"
EndProject
Global
	GlobalSection(SolutionConfigurationPlatforms) = preSolution
		Debug|Any CPU = Debug|Any CPU
		Debug|x64 = Debug|x64
		Debug|x86 = Debug|x86
		Release|Any CPU = Release|Any CPU
		Release|x64 = Release|x64
		Release|x86 = Release|x86
	EndGlobalSection
	GlobalSection(ProjectConfigurationPlatforms) = postSolution
		{407FD744-34E9-458A-9DF7-24E208BD30DC}.Debug|Any CPU.ActiveCfg = Debug|Any CPU
		{407FD744-34E9-458A-9DF7-24E208BD30DC}.Debug|Any CPU.Build.0 = Debug|Any CPU
		{407FD744-34E9-458A-9DF7-24E208BD30DC}.Debug|x64.ActiveCfg = Debug|Any CPU
		{407FD744-34E9-458A-9DF7-24E208BD30DC}.Debug|x64.Build.0 = Debug|Any CPU
		{407FD744-34E9-458A-9DF7-24E208BD30DC}.Debug|x86.ActiveCfg = Debug|Any CPU
		{407FD744-34E9-458A-9DF7-24E208BD30DC}.Debug|x86.Build.0 = Debug|Any CPU
		{407FD744-34E9-458A-9DF7-24E208BD30DC}.Release|Any CPU.ActiveCfg = Release|Any CPU
		{407FD744-34E9-458A-9DF7-24E208BD30DC}.Release|Any CPU.Build.0 = Release|Any CPU
		{407FD744-34E9-458A-9DF7-24E208BD30DC}.Release|x64.ActiveCfg = Release|Any CPU
		{407FD744-34E9-458A-9DF7-24E208BD30DC}.Release|x64.Build.0 = Release|Any CPU
		{407FD744-34E9-458A-9DF7-24E208BD30DC}.Release|x86.ActiveCfg = Release|Any CPU
		{407FD744-34E9-458A-9DF7-24E208BD30DC}.Release|x86.Build.0 = Release|Any CPU
		{87042AD1-75BB-4CC5-8CC6-346234482313}.Debug|Any CPU.ActiveCfg = Debug|Any CPU
		{87042AD1-75BB-4CC5-8CC6-346234482313}.Debug|Any CPU.Build.0 = Debug|Any CPU
		{87042AD1-75BB-4CC5-8CC6-346234482313}.Debug|x64.ActiveCfg = Debug|Any CPU
		{87042AD1-75BB-4CC5-8CC6-346234482313}.Debug|x64.Build.0 = Debug|Any CPU
		{87042AD1-75BB-4CC5-8CC6-346234482313}.Debug|x86.ActiveCfg = Debug|Any CPU
		{87042AD1-75BB-4CC5-8CC6-346234482313}.Debug|x86.Build.0 = Debug|Any CPU
		{87042AD1-75BB-4CC5-8CC6-346234482313}.Release|Any CPU.ActiveCfg = Release|Any CPU
		{87042AD1-75BB-4CC5-8CC6-346234482313}.Release|Any CPU.Build.0 = Release|Any CPU
		{87042AD1-75BB-4CC5-8CC6-346234482313}.Release|x64.ActiveCfg = Release|Any CPU
		{87042AD1-75BB-4CC5-8CC6-346234482313}.Release|x64.Build.0 = Release|Any CPU
		{87042AD1-75BB-4CC5-8CC6-346234482313}.Release|x86.ActiveCfg = Release|Any CPU
		{87042AD1-75BB-4CC5-8CC6-346234482313}.Release|x86.Build.0 = Release|Any CPU
		{26FF62E2-D514-40DC-A943-DA8078E1BB49}.Debug|Any CPU.ActiveCfg = Debug|Any CPU
		{26FF62E2-D514-40DC-A943-DA8078E1BB49}.Debug|Any CPU.Build.0 = Debug|Any CPU
		{26FF62E2-D514-40DC-A943-DA8078E1BB49}.Debug|x64.ActiveCfg = Debug|Any CPU
		{26FF62E2-D514-40DC-A943-DA8078E1BB49}.Debug|x64.Build.0 = Debug|Any CPU
		{26FF62E2-D514-40DC-A943-DA8078E1BB49}.Debug|x86.ActiveCfg = Debug|Any CPU
		{26FF62E2-D514-40DC-A943-DA8078E1BB49}.Debug|x86.Build.0 = Debug|Any CPU
		{26FF62E2-D514-40DC-A943-DA8078E1BB49}.Release|Any CPU.ActiveCfg = Release|Any CPU
		{26FF62E2-D514-40DC-A943-DA8078E1BB49}.Release|Any CPU.Build.0 = Release|Any CPU
		{26FF62E2-D514-40DC-A943-DA8078E1BB49}.Release|x64.ActiveCfg = Release|Any CPU
		{26FF62E2-D514-40DC-A943-DA8078E1BB49}.Release|x64.Build.0 = Release|Any CPU
		{26FF62E2-D514-40DC-A943-DA8078E1BB49}.Release|x86.ActiveCfg = Release|Any CPU
		{26FF62E2-D514-40DC-A943-DA8078E1BB49}.Release|x86.Build.0 = Release|Any CPU
		{BDA9536A-13E7-4532-9B36-F9BEF8890197}.Debug|Any CPU.ActiveCfg = Debug|Any CPU
		{BDA9536A-13E7-4532-9B36-F9BEF8890197}.Debug|Any CPU.Build.0 = Debug|Any CPU
		{BDA9536A-13E7-4532-9B36-F9BEF8890197}.Debug|x64.ActiveCfg = Debug|Any CPU
		{BDA9536A-13E7-4532-9B36-F9BEF8890197}.Debug|x64.Build.0 = Debug|Any CPU
		{BDA9536A-13E7-4532-9B36-F9BEF8890197}.Debug|x86.ActiveCfg = Debug|Any CPU
		{BDA9536A-13E7-4532-9B36-F9BEF8890197}.Debug|x86.Build.0 = Debug|Any CPU
		{BDA9536A-13E7-4532-9B36-F9BEF8890197}.Release|Any CPU.ActiveCfg = Release|Any CPU
		{BDA9536A-13E7-4532-9B36-F9BEF8890197}.Release|Any CPU.Build.0 = Release|Any CPU
		{BDA9536A-13E7-4532-9B36-F9BEF8890197}.Release|x64.ActiveCfg = Release|Any CPU
		{BDA9536A-13E7-4532-9B36-F9BEF8890197}.Release|x64.Build.0 = Release|Any CPU
		{BDA9536A-13E7-4532-9B36-F9BEF8890197}.Release|x86.ActiveCfg = Release|Any CPU
		{BDA9536A-13E7-4532-9B36-F9BEF8890197}.Release|x86.Build.0 = Release|Any CPU
		{932E0F04-C55C-48C3-9509-FA1B80322D3C}.Debug|Any CPU.ActiveCfg = Debug|Any CPU
		{932E0F04-C55C-48C3-9509-FA1B80322D3C}.Debug|Any CPU.Build.0 = Debug|Any CPU
		{932E0F04-C55C-48C3-9509-FA1B80322D3C}.Debug|x64.ActiveCfg = Debug|Any CPU
		{932E0F04-C55C-48C3-9509-FA1B80322D3C}.Debug|x64.Build.0 = Debug|Any CPU
		{932E0F04-C55C-48C3-9509-FA1B80322D3C}.Debug|x86.ActiveCfg = Debug|Any CPU
		{932E0F04-C55C-48C3-9509-FA1B80322D3C}.Debug|x86.Build.0 = Debug|Any CPU
		{932E0F04-C55C-48C3-9509-FA1B80322D3C}.Release|Any CPU.ActiveCfg = Release|Any CPU
		{932E0F04-C55C-48C3-9509-FA1B80322D3C}.Release|Any CPU.Build.0 = Release|Any CPU
		{932E0F04-C55C-48C3-9509-FA1B80322D3C}.Release|x64.ActiveCfg = Release|Any CPU
		{932E0F04-C55C-48C3-9509-FA1B80322D3C}.Release|x64.Build.0 = Release|Any CPU
		{932E0F04-C55C-48C3-9509-FA1B80322D3C}.Release|x86.ActiveCfg = Release|Any CPU
		{932E0F04-C55C-48C3-9509-FA1B80322D3C}.Release|x86.Build.0 = Release|Any CPU
		{40E6E958-611C-4D46-903A-69534E5325C5}.Debug|Any CPU.ActiveCfg = Debug|Any CPU
		{40E6E958-611C-4D46-903A-69534E5325C5}.Debug|Any CPU.Build.0 = Debug|Any CPU
		{40E6E958-611C-4D46-903A-69534E5325C5}.Debug|x64.ActiveCfg = Debug|Any CPU
		{40E6E958-611C-4D46-903A-69534E5325C5}.Debug|x64.Build.0 = Debug|Any CPU
		{40E6E958-611C-4D46-903A-69534E5325C5}.Debug|x86.ActiveCfg = Debug|Any CPU
		{40E6E958-611C-4D46-903A-69534E5325C5}.Debug|x86.Build.0 = Debug|Any CPU
		{40E6E958-611C-4D46-903A-69534E5325C5}.Release|Any CPU.ActiveCfg = Release|Any CPU
		{40E6E958-611C-4D46-903A-69534E5325C5}.Release|Any CPU.Build.0 = Release|Any CPU
		{40E6E958-611C-4D46-903A-69534E5325C5}.Release|x64.ActiveCfg = Release|Any CPU
		{40E6E958-611C-4D46-903A-69534E5325C5}.Release|x64.Build.0 = Release|Any CPU
		{40E6E958-611C-4D46-903A-69534E5325C5}.Release|x86.ActiveCfg = Release|Any CPU
		{40E6E958-611C-4D46-903A-69534E5325C5}.Release|x86.Build.0 = Release|Any CPU
		{C6C12307-D079-4376-856E-55A2F333DF60}.Debug|Any CPU.ActiveCfg = Debug|Any CPU
		{C6C12307-D079-4376-856E-55A2F333DF60}.Debug|Any CPU.Build.0 = Debug|Any CPU
		{C6C12307-D079-4376-856E-55A2F333DF60}.Debug|x64.ActiveCfg = Debug|Any CPU
		{C6C12307-D079-4376-856E-55A2F333DF60}.Debug|x64.Build.0 = Debug|Any CPU
		{C6C12307-D079-4376-856E-55A2F333DF60}.Debug|x86.ActiveCfg = Debug|Any CPU
		{C6C12307-D079-4376-856E-55A2F333DF60}.Debug|x86.Build.0 = Debug|Any CPU
		{C6C12307-D079-4376-856E-55A2F333DF60}.Release|Any CPU.ActiveCfg = Release|Any CPU
		{C6C12307-D079-4376-856E-55A2F333DF60}.Release|Any CPU.Build.0 = Release|Any CPU
		{C6C12307-D079-4376-856E-55A2F333DF60}.Release|x64.ActiveCfg = Release|Any CPU
		{C6C12307-D079-4376-856E-55A2F333DF60}.Release|x64.Build.0 = Release|Any CPU
		{C6C12307-D079-4376-856E-55A2F333DF60}.Release|x86.ActiveCfg = Release|Any CPU
		{C6C12307-D079-4376-856E-55A2F333DF60}.Release|x86.Build.0 = Release|Any CPU
	EndGlobalSection
	GlobalSection(SolutionProperties) = preSolution
		HideSolutionNode = FALSE
	EndGlobalSection
	GlobalSection(NestedProjects) = preSolution
		{407FD744-34E9-458A-9DF7-24E208BD30DC} = {208A3A72-FA75-4C25-A6BB-B455B07D814F}
		{87042AD1-75BB-4CC5-8CC6-346234482313} = {59A6C111-CE2D-4F76-911B-E7033F4B9EF4}
		{26FF62E2-D514-40DC-A943-DA8078E1BB49} = {208A3A72-FA75-4C25-A6BB-B455B07D814F}
		{BDA9536A-13E7-4532-9B36-F9BEF8890197} = {208A3A72-FA75-4C25-A6BB-B455B07D814F}
		{932E0F04-C55C-48C3-9509-FA1B80322D3C} = {208A3A72-FA75-4C25-A6BB-B455B07D814F}
		{C6C12307-D079-4376-856E-55A2F333DF60} = {59A6C111-CE2D-4F76-911B-E7033F4B9EF4}
	EndGlobalSection
	GlobalSection(ExtensibilityGlobals) = postSolution
		SolutionGuid = {D823BE72-7933-4FAA-90C3-F57FADDE48C8}
	EndGlobalSection
EndGlobal
